
Microsoft Visual Studio Solution File, Format Version 12.00
# Visual Studio Version 16
VisualStudioVersion = 16.0.30330.147
MinimumVisualStudioVersion = 10.0.40219.1
Project("{9A19103F-16F7-4668-BE54-9A1E7A4F7556}") = "Nac1-ASP.NET Core", "Nac1-ASP.NET Core\Nac1-ASP.NET Core.csproj", "{D018BD07-1AA1-4E0D-9575-5641EAD9044A}"
EndProject
Global
	GlobalSection(SolutionConfigurationPlatforms) = preSolution
		Debug|Any CPU = Debug|Any CPU
		Release|Any CPU = Release|Any CPU
	EndGlobalSection
	GlobalSection(ProjectConfigurationPlatforms) = postSolution
		{D018BD07-1AA1-4E0D-9575-5641EAD9044A}.Debug|Any CPU.ActiveCfg = Debug|Any CPU
		{D018BD07-1AA1-4E0D-9575-5641EAD9044A}.Debug|Any CPU.Build.0 = Debug|Any CPU
		{D018BD07-1AA1-4E0D-9575-5641EAD9044A}.Release|Any CPU.ActiveCfg = Release|Any CPU
		{D018BD07-1AA1-4E0D-9575-5641EAD9044A}.Release|Any CPU.Build.0 = Release|Any CPU
	EndGlobalSection
	GlobalSection(SolutionProperties) = preSolution
		HideSolutionNode = FALSE
	EndGlobalSection
	GlobalSection(ExtensibilityGlobals) = postSolution
		SolutionGuid = {78450A74-80B0-4A40-BA5D-D245204A082C}
	EndGlobalSection
EndGlobal
